
Microsoft Visual Studio Solution File, Format Version 12.00
# Visual Studio Version 16
VisualStudioVersion = 16.0.30611.23
MinimumVisualStudioVersion = 10.0.40219.1
Project("{FAE04EC0-301F-11D3-BF4B-00C04F79EFBC}") = "DedicatedServer", "DedicatedServer.csproj", "{23436FA2-F426-43C1-8187-7800122630A5}"
EndProject
Global
	GlobalSection(SolutionConfigurationPlatforms) = preSolution
		Debug|Any CPU = Debug|Any CPU
		Release|Any CPU = Release|Any CPU
	EndGlobalSection
	GlobalSection(ProjectConfigurationPlatforms) = postSolution
		{23436FA2-F426-43C1-8187-7800122630A5}.Debug|Any CPU.ActiveCfg = Debug|Any CPU
		{23436FA2-F426-43C1-8187-7800122630A5}.Debug|Any CPU.Build.0 = Debug|Any CPU
		{23436FA2-F426-43C1-8187-7800122630A5}.Release|Any CPU.ActiveCfg = Release|Any CPU
		{23436FA2-F426-43C1-8187-7800122630A5}.Release|Any CPU.Build.0 = Release|Any CPU
	EndGlobalSection
	GlobalSection(SolutionProperties) = preSolution
		HideSolutionNode = FALSE
	EndGlobalSection
	GlobalSection(ExtensibilityGlobals) = postSolution
		SolutionGuid = {DC903D7D-D2A0-4FD1-9301-C850E8B11692}
	EndGlobalSection
EndGlobal
